
Microsoft Visual Studio Solution File, Format Version 12.00
# Visual Studio Version 17
VisualStudioVersion = 17.9.34607.119
MinimumVisualStudioVersion = 10.0.40219.1
Project("{FAE04EC0-301F-11D3-BF4B-00C04F79EFBC}") = "SimpleAspNetCoreApp", "SimpleAspNetCoreApp\SimpleAspNetCoreApp.csproj", "{B31A14C4-369C-4CA7-B5FE-573D9AE7BA31}"
EndProject
Global
	GlobalSection(SolutionConfigurationPlatforms) = preSolution
		Debug|Any CPU = Debug|Any CPU
		Release|Any CPU = Release|Any CPU
	EndGlobalSection
	GlobalSection(ProjectConfigurationPlatforms) = postSolution
		{B31A14C4-369C-4CA7-B5FE-573D9AE7BA31}.Debug|Any CPU.ActiveCfg = Debug|Any CPU
		{B31A14C4-369C-4CA7-B5FE-573D9AE7BA31}.Debug|Any CPU.Build.0 = Debug|Any CPU
		{B31A14C4-369C-4CA7-B5FE-573D9AE7BA31}.Release|Any CPU.ActiveCfg = Release|Any CPU
		{B31A14C4-369C-4CA7-B5FE-573D9AE7BA31}.Release|Any CPU.Build.0 = Release|Any CPU
	EndGlobalSection
	GlobalSection(SolutionProperties) = preSolution
		HideSolutionNode = FALSE
	EndGlobalSection
	GlobalSection(ExtensibilityGlobals) = postSolution
		SolutionGuid = {BC45AAE1-1299-4DCE-8CC4-F2233295E3D3}
	EndGlobalSection
EndGlobal
